
Microsoft Visual Studio Solution File, Format Version 12.00
# Visual Studio Version 17
VisualStudioVersion = 17.12.35514.174
MinimumVisualStudioVersion = 10.0.40219.1
Project("{FAE04EC0-301F-11D3-BF4B-00C04F79EFBC}") = "wanggangzero.CSharpUtil.Bits.BitField", "wanggangzero.CSharpUtil.Bits.BitField.csproj", "{EA7CD3C8-5DFF-4445-B710-8FD01E222BE3}"
EndProject
Project("{FAE04EC0-301F-11D3-BF4B-00C04F79EFBC}") = "wanggangzero.CSharpUtil.Bits.BitField.Analyzers", "..\wanggangzero.CSharpUtil.Bits.BitField.Analyzers\wanggangzero.CSharpUtil.Bits.BitField.Analyzers.csproj", "{A2571C5E-8B60-4954-851E-FC06D5DD28DA}"
EndProject
Project("{FAE04EC0-301F-11D3-BF4B-00C04F79EFBC}") = "test3", "..\test3\test3.csproj", "{4E8ECE61-128C-4AD0-9892-D275B21CAF8B}"
EndProject
Project("{FAE04EC0-301F-11D3-BF4B-00C04F79EFBC}") = "test", "..\test\test.csproj", "{EC0305D6-346C-402B-B913-AE5D2F5A7584}"
EndProject
Global
	GlobalSection(SolutionConfigurationPlatforms) = preSolution
		Debug|Any CPU = Debug|Any CPU
		Release|Any CPU = Release|Any CPU
	EndGlobalSection
	GlobalSection(ProjectConfigurationPlatforms) = postSolution
		{EA7CD3C8-5DFF-4445-B710-8FD01E222BE3}.Debug|Any CPU.ActiveCfg = Debug|Any CPU
		{EA7CD3C8-5DFF-4445-B710-8FD01E222BE3}.Debug|Any CPU.Build.0 = Debug|Any CPU
		{EA7CD3C8-5DFF-4445-B710-8FD01E222BE3}.Release|Any CPU.ActiveCfg = Release|Any CPU
		{EA7CD3C8-5DFF-4445-B710-8FD01E222BE3}.Release|Any CPU.Build.0 = Release|Any CPU
		{A2571C5E-8B60-4954-851E-FC06D5DD28DA}.Debug|Any CPU.ActiveCfg = Debug|Any CPU
		{A2571C5E-8B60-4954-851E-FC06D5DD28DA}.Debug|Any CPU.Build.0 = Debug|Any CPU
		{A2571C5E-8B60-4954-851E-FC06D5DD28DA}.Release|Any CPU.ActiveCfg = Release|Any CPU
		{A2571C5E-8B60-4954-851E-FC06D5DD28DA}.Release|Any CPU.Build.0 = Release|Any CPU
		{4E8ECE61-128C-4AD0-9892-D275B21CAF8B}.Debug|Any CPU.ActiveCfg = Debug|Any CPU
		{4E8ECE61-128C-4AD0-9892-D275B21CAF8B}.Debug|Any CPU.Build.0 = Debug|Any CPU
		{4E8ECE61-128C-4AD0-9892-D275B21CAF8B}.Release|Any CPU.ActiveCfg = Release|Any CPU
		{4E8ECE61-128C-4AD0-9892-D275B21CAF8B}.Release|Any CPU.Build.0 = Release|Any CPU
		{EC0305D6-346C-402B-B913-AE5D2F5A7584}.Debug|Any CPU.ActiveCfg = Debug|Any CPU
		{EC0305D6-346C-402B-B913-AE5D2F5A7584}.Debug|Any CPU.Build.0 = Debug|Any CPU
		{EC0305D6-346C-402B-B913-AE5D2F5A7584}.Release|Any CPU.ActiveCfg = Release|Any CPU
		{EC0305D6-346C-402B-B913-AE5D2F5A7584}.Release|Any CPU.Build.0 = Release|Any CPU
	EndGlobalSection
	GlobalSection(SolutionProperties) = preSolution
		HideSolutionNode = FALSE
	EndGlobalSection
EndGlobal
